
Microsoft Visual Studio Solution File, Format Version 12.00
# Visual Studio Version 16
VisualStudioVersion = 16.0.30907.101
MinimumVisualStudioVersion = 10.0.40219.1
Project("{FAE04EC0-301F-11D3-BF4B-00C04F79EFBC}") = "RelationshipsMVC", "RelationshipsMVC\RelationshipsMVC.csproj", "{BA5ED36B-FD5F-4682-8DEC-0FA350148EB3}"
EndProject
Global
	GlobalSection(SolutionConfigurationPlatforms) = preSolution
		Debug|Any CPU = Debug|Any CPU
		Release|Any CPU = Release|Any CPU
	EndGlobalSection
	GlobalSection(ProjectConfigurationPlatforms) = postSolution
		{BA5ED36B-FD5F-4682-8DEC-0FA350148EB3}.Debug|Any CPU.ActiveCfg = Debug|Any CPU
		{BA5ED36B-FD5F-4682-8DEC-0FA350148EB3}.Debug|Any CPU.Build.0 = Debug|Any CPU
		{BA5ED36B-FD5F-4682-8DEC-0FA350148EB3}.Release|Any CPU.ActiveCfg = Release|Any CPU
		{BA5ED36B-FD5F-4682-8DEC-0FA350148EB3}.Release|Any CPU.Build.0 = Release|Any CPU
	EndGlobalSection
	GlobalSection(SolutionProperties) = preSolution
		HideSolutionNode = FALSE
	EndGlobalSection
	GlobalSection(ExtensibilityGlobals) = postSolution
		SolutionGuid = {5A67E7D7-906B-4ADD-92D8-4FEA34FE7FE3}
	EndGlobalSection
EndGlobal
